{
  "requires": true,
  "lockfileVersion": 1,
  "dependencies": {
    "waypoint": {
      "version": "0.2.8",
      "resolved": "https://registry.npmjs.org/waypoint/-/waypoint-0.2.8.tgz",
      "integrity": "sha1-N2k34aMdlrbENYod3SrsCicmlhI="
    },
    "waypoints": {
      "version": "4.0.1",
      "resolved": "https://registry.npmjs.org/waypoints/-/waypoints-4.0.1.tgz",
      "integrity": "sha1-CZeaBXOBCylifLpDZqKEoGLsacg="
    }
  }
}
